
Microsoft Visual Studio Solution File, Format Version 12.00
# Visual Studio Version 16
VisualStudioVersion = 16.0.29519.87
MinimumVisualStudioVersion = 10.0.40219.1
Project("{FAE04EC0-301F-11D3-BF4B-00C04F79EFBC}") = "Library System", "Library System\Library System.csproj", "{958993B7-A79C-4C11-B2E0-2D156496BCC0}"
EndProject
Global
	GlobalSection(SolutionConfigurationPlatforms) = preSolution
		Debug|Any CPU = Debug|Any CPU
		Release|Any CPU = Release|Any CPU
	EndGlobalSection
	GlobalSection(ProjectConfigurationPlatforms) = postSolution
		{958993B7-A79C-4C11-B2E0-2D156496BCC0}.Debug|Any CPU.ActiveCfg = Debug|Any CPU
		{958993B7-A79C-4C11-B2E0-2D156496BCC0}.Debug|Any CPU.Build.0 = Debug|Any CPU
		{958993B7-A79C-4C11-B2E0-2D156496BCC0}.Release|Any CPU.ActiveCfg = Release|Any CPU
		{958993B7-A79C-4C11-B2E0-2D156496BCC0}.Release|Any CPU.Build.0 = Release|Any CPU
	EndGlobalSection
	GlobalSection(SolutionProperties) = preSolution
		HideSolutionNode = FALSE
	EndGlobalSection
	GlobalSection(ExtensibilityGlobals) = postSolution
		SolutionGuid = {88750A10-6796-4434-967E-5969570AF0C0}
	EndGlobalSection
EndGlobal
